
Microsoft Visual Studio Solution File, Format Version 12.00
# Visual Studio Version 16
VisualStudioVersion = 16.0.31129.286
MinimumVisualStudioVersion = 10.0.40219.1
Project("{FAE04EC0-301F-11D3-BF4B-00C04F79EFBC}") = "01. Ages", "01. Ages\01. Ages.csproj", "{7B032544-D041-4401-9D18-5B8FCFFE9346}"
EndProject
Project("{FAE04EC0-301F-11D3-BF4B-00C04F79EFBC}") = "02. Division", "02. Division\02. Division.csproj", "{C918B045-DDA7-4A00-AA6F-92F3A9882120}"
EndProject
Project("{FAE04EC0-301F-11D3-BF4B-00C04F79EFBC}") = "03. Vacation", "03. Vacation\03. Vacation.csproj", "{21A6CB96-C891-4DB9-97CC-F83E2A403EB7}"
EndProject
Project("{FAE04EC0-301F-11D3-BF4B-00C04F79EFBC}") = "04. Print and sum", "04. Print and sum\04. Print and sum.csproj", "{A7A46BC5-DD8A-49E0-ACBD-9CA027D60EEC}"
EndProject
Project("{FAE04EC0-301F-11D3-BF4B-00C04F79EFBC}") = "05. Login", "05. Login\05. Login.csproj", "{1C97C43A-C95D-4510-B44C-B3452BB12879}"
EndProject
Project("{FAE04EC0-301F-11D3-BF4B-00C04F79EFBC}") = "06. Strong number", "06. Strong number\06. Strong number.csproj", "{122E6B38-51F0-4293-8477-C474741AB282}"
EndProject
Project("{FAE04EC0-301F-11D3-BF4B-00C04F79EFBC}") = "07. Vending Machine", "07. Vending Machine\07. Vending Machine.csproj", "{182645AA-88DD-47D7-9434-019EB37651D2}"
EndProject
Project("{FAE04EC0-301F-11D3-BF4B-00C04F79EFBC}") = "08. Triangle of Numbers", "08. Triangle of Numbers\08. Triangle of Numbers.csproj", "{3E28456D-8630-4BB7-AB8E-D8EA326BB392}"
EndProject
Project("{FAE04EC0-301F-11D3-BF4B-00C04F79EFBC}") = "09. Padawan Equipment", "09. Padawan Equipment\09. Padawan Equipment.csproj", "{19AB3040-307D-4CF3-8930-61B4D244C0AA}"
EndProject
Project("{FAE04EC0-301F-11D3-BF4B-00C04F79EFBC}") = "10. Rage Expenses", "10. Rage Expenses\10. Rage Expenses.csproj", "{27A21B71-2E6E-49B7-BF08-DDE57FBC244B}"
EndProject
Global
	GlobalSection(SolutionConfigurationPlatforms) = preSolution
		Debug|Any CPU = Debug|Any CPU
		Release|Any CPU = Release|Any CPU
	EndGlobalSection
	GlobalSection(ProjectConfigurationPlatforms) = postSolution
		{7B032544-D041-4401-9D18-5B8FCFFE9346}.Debug|Any CPU.ActiveCfg = Debug|Any CPU
		{7B032544-D041-4401-9D18-5B8FCFFE9346}.Debug|Any CPU.Build.0 = Debug|Any CPU
		{7B032544-D041-4401-9D18-5B8FCFFE9346}.Release|Any CPU.ActiveCfg = Release|Any CPU
		{7B032544-D041-4401-9D18-5B8FCFFE9346}.Release|Any CPU.Build.0 = Release|Any CPU
		{C918B045-DDA7-4A00-AA6F-92F3A9882120}.Debug|Any CPU.ActiveCfg = Debug|Any CPU
		{C918B045-DDA7-4A00-AA6F-92F3A9882120}.Debug|Any CPU.Build.0 = Debug|Any CPU
		{C918B045-DDA7-4A00-AA6F-92F3A9882120}.Release|Any CPU.ActiveCfg = Release|Any CPU
		{C918B045-DDA7-4A00-AA6F-92F3A9882120}.Release|Any CPU.Build.0 = Release|Any CPU
		{21A6CB96-C891-4DB9-97CC-F83E2A403EB7}.Debug|Any CPU.ActiveCfg = Debug|Any CPU
		{21A6CB96-C891-4DB9-97CC-F83E2A403EB7}.Debug|Any CPU.Build.0 = Debug|Any CPU
		{21A6CB96-C891-4DB9-97CC-F83E2A403EB7}.Release|Any CPU.ActiveCfg = Release|Any CPU
		{21A6CB96-C891-4DB9-97CC-F83E2A403EB7}.Release|Any CPU.Build.0 = Release|Any CPU
		{A7A46BC5-DD8A-49E0-ACBD-9CA027D60EEC}.Debug|Any CPU.ActiveCfg = Debug|Any CPU
		{A7A46BC5-DD8A-49E0-ACBD-9CA027D60EEC}.Debug|Any CPU.Build.0 = Debug|Any CPU
		{A7A46BC5-DD8A-49E0-ACBD-9CA027D60EEC}.Release|Any CPU.ActiveCfg = Release|Any CPU
		{A7A46BC5-DD8A-49E0-ACBD-9CA027D60EEC}.Release|Any CPU.Build.0 = Release|Any CPU
		{1C97C43A-C95D-4510-B44C-B3452BB12879}.Debug|Any CPU.ActiveCfg = Debug|Any CPU
		{1C97C43A-C95D-4510-B44C-B3452BB12879}.Debug|Any CPU.Build.0 = Debug|Any CPU
		{1C97C43A-C95D-4510-B44C-B3452BB12879}.Release|Any CPU.ActiveCfg = Release|Any CPU
		{1C97C43A-C95D-4510-B44C-B3452BB12879}.Release|Any CPU.Build.0 = Release|Any CPU
		{122E6B38-51F0-4293-8477-C474741AB282}.Debug|Any CPU.ActiveCfg = Debug|Any CPU
		{122E6B38-51F0-4293-8477-C474741AB282}.Debug|Any CPU.Build.0 = Debug|Any CPU
		{122E6B38-51F0-4293-8477-C474741AB282}.Release|Any CPU.ActiveCfg = Release|Any CPU
		{122E6B38-51F0-4293-8477-C474741AB282}.Release|Any CPU.Build.0 = Release|Any CPU
		{182645AA-88DD-47D7-9434-019EB37651D2}.Debug|Any CPU.ActiveCfg = Debug|Any CPU
		{182645AA-88DD-47D7-9434-019EB37651D2}.Debug|Any CPU.Build.0 = Debug|Any CPU
		{182645AA-88DD-47D7-9434-019EB37651D2}.Release|Any CPU.ActiveCfg = Release|Any CPU
		{182645AA-88DD-47D7-9434-019EB37651D2}.Release|Any CPU.Build.0 = Release|Any CPU
		{3E28456D-8630-4BB7-AB8E-D8EA326BB392}.Debug|Any CPU.ActiveCfg = Debug|Any CPU
		{3E28456D-8630-4BB7-AB8E-D8EA326BB392}.Debug|Any CPU.Build.0 = Debug|Any CPU
		{3E28456D-8630-4BB7-AB8E-D8EA326BB392}.Release|Any CPU.ActiveCfg = Release|Any CPU
		{3E28456D-8630-4BB7-AB8E-D8EA326BB392}.Release|Any CPU.Build.0 = Release|Any CPU
		{19AB3040-307D-4CF3-8930-61B4D244C0AA}.Debug|Any CPU.ActiveCfg = Debug|Any CPU
		{19AB3040-307D-4CF3-8930-61B4D244C0AA}.Debug|Any CPU.Build.0 = Debug|Any CPU
		{19AB3040-307D-4CF3-8930-61B4D244C0AA}.Release|Any CPU.ActiveCfg = Release|Any CPU
		{19AB3040-307D-4CF3-8930-61B4D244C0AA}.Release|Any CPU.Build.0 = Release|Any CPU
		{27A21B71-2E6E-49B7-BF08-DDE57FBC244B}.Debug|Any CPU.ActiveCfg = Debug|Any CPU
		{27A21B71-2E6E-49B7-BF08-DDE57FBC244B}.Debug|Any CPU.Build.0 = Debug|Any CPU
		{27A21B71-2E6E-49B7-BF08-DDE57FBC244B}.Release|Any CPU.ActiveCfg = Release|Any CPU
		{27A21B71-2E6E-49B7-BF08-DDE57FBC244B}.Release|Any CPU.Build.0 = Release|Any CPU
	EndGlobalSection
	GlobalSection(SolutionProperties) = preSolution
		HideSolutionNode = FALSE
	EndGlobalSection
	GlobalSection(ExtensibilityGlobals) = postSolution
		SolutionGuid = {08FBEA8D-C8EC-4BCE-9D2C-4B26FBB11C7D}
	EndGlobalSection
EndGlobal
