
Microsoft Visual Studio Solution File, Format Version 12.00
# Visual Studio Version 16
VisualStudioVersion = 16.0.31321.278
MinimumVisualStudioVersion = 10.0.40219.1
Project("{9A19103F-16F7-4668-BE54-9A1E7A4F7556}") = "01. Data Type Finder", "01. Data Type Finder\01. Data Type Finder.csproj", "{EEDDDA7B-4583-4D67-A35F-711115E94FDD}"
EndProject
Project("{FAE04EC0-301F-11D3-BF4B-00C04F79EFBC}") = "02. From Left to The Right", "02. From Left to The Right\02. From Left to The Right.csproj", "{F04C29C0-9C54-461C-9AC9-0252FD5501FF}"
EndProject
Global
	GlobalSection(SolutionConfigurationPlatforms) = preSolution
		Debug|Any CPU = Debug|Any CPU
		Release|Any CPU = Release|Any CPU
	EndGlobalSection
	GlobalSection(ProjectConfigurationPlatforms) = postSolution
		{EEDDDA7B-4583-4D67-A35F-711115E94FDD}.Debug|Any CPU.ActiveCfg = Debug|Any CPU
		{EEDDDA7B-4583-4D67-A35F-711115E94FDD}.Debug|Any CPU.Build.0 = Debug|Any CPU
		{EEDDDA7B-4583-4D67-A35F-711115E94FDD}.Release|Any CPU.ActiveCfg = Release|Any CPU
		{EEDDDA7B-4583-4D67-A35F-711115E94FDD}.Release|Any CPU.Build.0 = Release|Any CPU
		{F04C29C0-9C54-461C-9AC9-0252FD5501FF}.Debug|Any CPU.ActiveCfg = Debug|Any CPU
		{F04C29C0-9C54-461C-9AC9-0252FD5501FF}.Debug|Any CPU.Build.0 = Debug|Any CPU
		{F04C29C0-9C54-461C-9AC9-0252FD5501FF}.Release|Any CPU.ActiveCfg = Release|Any CPU
		{F04C29C0-9C54-461C-9AC9-0252FD5501FF}.Release|Any CPU.Build.0 = Release|Any CPU
	EndGlobalSection
	GlobalSection(SolutionProperties) = preSolution
		HideSolutionNode = FALSE
	EndGlobalSection
	GlobalSection(ExtensibilityGlobals) = postSolution
		SolutionGuid = {183194FD-9EAB-4973-9447-4069FE92F077}
	EndGlobalSection
EndGlobal
